
Microsoft Visual Studio Solution File, Format Version 12.00
# Visual Studio Version 16
VisualStudioVersion = 16.0.33214.272
MinimumVisualStudioVersion = 10.0.40219.1
Project("{FC65038C-1B2F-41E1-A629-BED71D161FFF}") = "Git_GitHub", "Git_GitHub\Git_GitHub.rnrproj", "{934ADBB2-078E-4E9C-A5DF-8BD786291921}"
EndProject
Global
	GlobalSection(SolutionConfigurationPlatforms) = preSolution
		Debug|Any CPU = Debug|Any CPU
	EndGlobalSection
	GlobalSection(ProjectConfigurationPlatforms) = postSolution
		{934ADBB2-078E-4E9C-A5DF-8BD786291921}.Debug|Any CPU.ActiveCfg = Debug|Any CPU
		{934ADBB2-078E-4E9C-A5DF-8BD786291921}.Debug|Any CPU.Build.0 = Debug|Any CPU
	EndGlobalSection
	GlobalSection(SolutionProperties) = preSolution
		HideSolutionNode = FALSE
	EndGlobalSection
	GlobalSection(ExtensibilityGlobals) = postSolution
		SolutionGuid = {A24BF898-AE50-4E85-83D5-F417F2E7052A}
	EndGlobalSection
EndGlobal
